
Microsoft Visual Studio Solution File, Format Version 12.00
# Visual Studio Version 16
VisualStudioVersion = 25.0.1704.0
MinimumVisualStudioVersion = 10.0.40219.1
Project("{FAE04EC0-301F-11D3-BF4B-00C04F79EFBC}") = "SchoolData", "SchoolData\SchoolData.csproj", "{3FF101B2-73A9-4AC0-9A43-4E3FC4098A93}"
EndProject
Global
	GlobalSection(SolutionConfigurationPlatforms) = preSolution
		Debug|Any CPU = Debug|Any CPU
		Release|Any CPU = Release|Any CPU
	EndGlobalSection
	GlobalSection(ProjectConfigurationPlatforms) = postSolution
		{3FF101B2-73A9-4AC0-9A43-4E3FC4098A93}.Debug|Any CPU.ActiveCfg = Debug|Any CPU
		{3FF101B2-73A9-4AC0-9A43-4E3FC4098A93}.Debug|Any CPU.Build.0 = Debug|Any CPU
		{3FF101B2-73A9-4AC0-9A43-4E3FC4098A93}.Release|Any CPU.ActiveCfg = Release|Any CPU
		{3FF101B2-73A9-4AC0-9A43-4E3FC4098A93}.Release|Any CPU.Build.0 = Release|Any CPU
	EndGlobalSection
	GlobalSection(SolutionProperties) = preSolution
		HideSolutionNode = FALSE
	EndGlobalSection
	GlobalSection(ExtensibilityGlobals) = postSolution
		SolutionGuid = {2643DB7B-3989-4806-A2CA-21FC9C23965D}
	EndGlobalSection
EndGlobal
